
Microsoft Visual Studio Solution File, Format Version 12.00
# Visual Studio Version 17
VisualStudioVersion = 17.3.32804.467
MinimumVisualStudioVersion = 10.0.40219.1
Project("{FAE04EC0-301F-11D3-BF4B-00C04F79EFBC}") = "IfcDb", "IfcDb\IfcDb.csproj", "{3FB77359-A155-448B-8EDF-953163092653}"
EndProject
Global
	GlobalSection(SolutionConfigurationPlatforms) = preSolution
		Debug|Any CPU = Debug|Any CPU
		Release|Any CPU = Release|Any CPU
	EndGlobalSection
	GlobalSection(ProjectConfigurationPlatforms) = postSolution
		{3FB77359-A155-448B-8EDF-953163092653}.Debug|Any CPU.ActiveCfg = Debug|Any CPU
		{3FB77359-A155-448B-8EDF-953163092653}.Debug|Any CPU.Build.0 = Debug|Any CPU
		{3FB77359-A155-448B-8EDF-953163092653}.Release|Any CPU.ActiveCfg = Release|Any CPU
		{3FB77359-A155-448B-8EDF-953163092653}.Release|Any CPU.Build.0 = Release|Any CPU
	EndGlobalSection
	GlobalSection(SolutionProperties) = preSolution
		HideSolutionNode = FALSE
	EndGlobalSection
	GlobalSection(ExtensibilityGlobals) = postSolution
		SolutionGuid = {C57BB3EA-399F-4B38-97AB-D3F87298DA01}
	EndGlobalSection
EndGlobal
